
Terraform used the selected providers to generate the following execution
plan. Resource actions are indicated with the following symbols:
  [32m+[0m create[0m

Terraform will perform the following actions:

[1m  # module.gke.google_container_cluster.this[0m will be created
[0m  [32m+[0m[0m resource "google_container_cluster" "this" {
      [32m+[0m[0m cluster_ipv4_cidr                        = (known after apply)
      [32m+[0m[0m datapath_provider                        = (known after apply)
      [32m+[0m[0m default_max_pods_per_node                = (known after apply)
      [32m+[0m[0m deletion_protection                      = true
      [32m+[0m[0m disable_l4_lb_firewall_reconciliation    = false
      [32m+[0m[0m effective_labels                         = {
          [32m+[0m[0m "goog-terraform-provisioned" = "true"
        }
      [32m+[0m[0m enable_autopilot                         = true
      [32m+[0m[0m enable_cilium_clusterwide_network_policy = false
      [32m+[0m[0m enable_fqdn_network_policy               = false
      [32m+[0m[0m enable_intranode_visibility              = true
      [32m+[0m[0m enable_kubernetes_alpha                  = false
      [32m+[0m[0m enable_l4_ilb_subsetting                 = false
      [32m+[0m[0m enable_legacy_abac                       = false
      [32m+[0m[0m enable_multi_networking                  = false
      [32m+[0m[0m enable_shielded_nodes                    = true
      [32m+[0m[0m endpoint                                 = (known after apply)
      [32m+[0m[0m id                                       = (known after apply)
      [32m+[0m[0m label_fingerprint                        = (known after apply)
      [32m+[0m[0m location                                 = "us-central1"
      [32m+[0m[0m logging_service                          = "logging.googleapis.com/kubernetes"
      [32m+[0m[0m master_version                           = (known after apply)
      [32m+[0m[0m monitoring_service                       = "monitoring.googleapis.com/kubernetes"
      [32m+[0m[0m name                                     = "dev-gke-autopilot"
      [32m+[0m[0m network                                  = "default"
      [32m+[0m[0m networking_mode                          = "VPC_NATIVE"
      [32m+[0m[0m node_locations                           = (known after apply)
      [32m+[0m[0m node_version                             = (known after apply)
      [32m+[0m[0m operation                                = (known after apply)
      [32m+[0m[0m private_ipv6_google_access               = (known after apply)
      [32m+[0m[0m project                                  = "extreme-gecko-466211-t1"
      [32m+[0m[0m self_link                                = (known after apply)
      [32m+[0m[0m services_ipv4_cidr                       = (known after apply)
      [32m+[0m[0m subnetwork                               = "default"
      [32m+[0m[0m terraform_labels                         = {
          [32m+[0m[0m "goog-terraform-provisioned" = "true"
        }
      [32m+[0m[0m tpu_ipv4_cidr_block                      = (known after apply)

      [32m+[0m[0m ip_allocation_policy {
          [32m+[0m[0m cluster_ipv4_cidr_block       = (known after apply)
          [32m+[0m[0m cluster_secondary_range_name  = (known after apply)
          [32m+[0m[0m services_ipv4_cidr_block      = (known after apply)
          [32m+[0m[0m services_secondary_range_name = (known after apply)
          [32m+[0m[0m stack_type                    = "IPV4"
        }

      [32m+[0m[0m release_channel {
          [32m+[0m[0m channel = "REGULAR"
        }

      [32m+[0m[0m workload_identity_config {
          [32m+[0m[0m workload_pool = "extreme-gecko-466211-t1.svc.id.goog"
        }
    }

[1mPlan:[0m 1 to add, 0 to change, 0 to destroy.
[0m
Changes to Outputs:
  [32m+[0m[0m cluster_ca_certificate = (known after apply)
  [32m+[0m[0m cluster_endpoint       = (known after apply)
[0m[1mmodule.gke.google_container_cluster.this: Creating...[0m[0m
[0m[1mmodule.gke.google_container_cluster.this: Still creating... [10s elapsed][0m[0m
[0m[1mmodule.gke.google_container_cluster.this: Still creating... [20s elapsed][0m[0m
[0m[1mmodule.gke.google_container_cluster.this: Still creating... [30s elapsed][0m[0m
[0m[1mmodule.gke.google_container_cluster.this: Still creating... [40s elapsed][0m[0m
[0m[1mmodule.gke.google_container_cluster.this: Still creating... [50s elapsed][0m[0m
[0m[1mmodule.gke.google_container_cluster.this: Still creating... [1m0s elapsed][0m[0m
[0m[1mmodule.gke.google_container_cluster.this: Still creating... [1m10s elapsed][0m[0m
[0m[1mmodule.gke.google_container_cluster.this: Still creating... [1m20s elapsed][0m[0m
[0m[1mmodule.gke.google_container_cluster.this: Still creating... [1m30s elapsed][0m[0m
[0m[1mmodule.gke.google_container_cluster.this: Still creating... [1m40s elapsed][0m[0m
[0m[1mmodule.gke.google_container_cluster.this: Still creating... [1m50s elapsed][0m[0m
[0m[1mmodule.gke.google_container_cluster.this: Still creating... [2m0s elapsed][0m[0m
[0m[1mmodule.gke.google_container_cluster.this: Still creating... [2m10s elapsed][0m[0m
[0m[1mmodule.gke.google_container_cluster.this: Still creating... [2m20s elapsed][0m[0m
[0m[1mmodule.gke.google_container_cluster.this: Still creating... [2m30s elapsed][0m[0m
[0m[1mmodule.gke.google_container_cluster.this: Still creating... [2m40s elapsed][0m[0m
[0m[1mmodule.gke.google_container_cluster.this: Still creating... [2m50s elapsed][0m[0m
[0m[1mmodule.gke.google_container_cluster.this: Still creating... [3m0s elapsed][0m[0m
[0m[1mmodule.gke.google_container_cluster.this: Still creating... [3m10s elapsed][0m[0m
[0m[1mmodule.gke.google_container_cluster.this: Still creating... [3m20s elapsed][0m[0m
[0m[1mmodule.gke.google_container_cluster.this: Still creating... [3m30s elapsed][0m[0m
[0m[1mmodule.gke.google_container_cluster.this: Still creating... [3m40s elapsed][0m[0m
[0m[1mmodule.gke.google_container_cluster.this: Still creating... [3m50s elapsed][0m[0m
[0m[1mmodule.gke.google_container_cluster.this: Still creating... [4m0s elapsed][0m[0m
[0m[1mmodule.gke.google_container_cluster.this: Still creating... [4m10s elapsed][0m[0m
[0m[1mmodule.gke.google_container_cluster.this: Still creating... [4m20s elapsed][0m[0m
[0m[1mmodule.gke.google_container_cluster.this: Still creating... [4m30s elapsed][0m[0m
[0m[1mmodule.gke.google_container_cluster.this: Still creating... [4m40s elapsed][0m[0m
[0m[1mmodule.gke.google_container_cluster.this: Still creating... [4m50s elapsed][0m[0m
[0m[1mmodule.gke.google_container_cluster.this: Still creating... [5m0s elapsed][0m[0m
[0m[1mmodule.gke.google_container_cluster.this: Still creating... [5m10s elapsed][0m[0m
[0m[1mmodule.gke.google_container_cluster.this: Still creating... [5m20s elapsed][0m[0m
[0m[1mmodule.gke.google_container_cluster.this: Still creating... [5m30s elapsed][0m[0m
[0m[1mmodule.gke.google_container_cluster.this: Still creating... [5m40s elapsed][0m[0m
[0m[1mmodule.gke.google_container_cluster.this: Still creating... [5m50s elapsed][0m[0m
[0m[1mmodule.gke.google_container_cluster.this: Still creating... [6m0s elapsed][0m[0m
[0m[1mmodule.gke.google_container_cluster.this: Still creating... [6m10s elapsed][0m[0m
[0m[1mmodule.gke.google_container_cluster.this: Still creating... [6m20s elapsed][0m[0m
[0m[1mmodule.gke.google_container_cluster.this: Still creating... [6m30s elapsed][0m[0m
[0m[1mmodule.gke.google_container_cluster.this: Still creating... [6m40s elapsed][0m[0m
[0m[1mmodule.gke.google_container_cluster.this: Still creating... [6m50s elapsed][0m[0m
[0m[1mmodule.gke.google_container_cluster.this: Still creating... [7m0s elapsed][0m[0m
[0m[1mmodule.gke.google_container_cluster.this: Still creating... [7m10s elapsed][0m[0m
[0m[1mmodule.gke.google_container_cluster.this: Still creating... [7m20s elapsed][0m[0m
[0m[1mmodule.gke.google_container_cluster.this: Still creating... [7m30s elapsed][0m[0m
[0m[1mmodule.gke.google_container_cluster.this: Still creating... [7m40s elapsed][0m[0m
[0m[1mmodule.gke.google_container_cluster.this: Still creating... [7m50s elapsed][0m[0m
[0m[1mmodule.gke.google_container_cluster.this: Still creating... [8m0s elapsed][0m[0m
[0m[1mmodule.gke.google_container_cluster.this: Still creating... [8m10s elapsed][0m[0m
[0m[1mmodule.gke.google_container_cluster.this: Still creating... [8m20s elapsed][0m[0m
[0m[1mmodule.gke.google_container_cluster.this: Still creating... [8m30s elapsed][0m[0m
[0m[1mmodule.gke.google_container_cluster.this: Creation complete after 8m40s [id=projects/extreme-gecko-466211-t1/locations/us-central1/clusters/dev-gke-autopilot][0m
[0m[1m[32m
Apply complete! Resources: 1 added, 0 changed, 0 destroyed.
[0m[0m[1m[32m
Outputs:

[0mcluster_ca_certificate = "LS0tLS1CRUdJTiBDRVJUSUZJQ0FURS0tLS0tCk1JSUVMVENDQXBXZ0F3SUJBZ0lSQUtnNHphUkVmNTBxMS9Wa2VPU2UzMFF3RFFZSktvWklodmNOQVFFTEJRQXcKTHpFdE1Dc0dBMVVFQXhNa01qazNOelUxT1RjdE1EYzNOUzAwT0RZekxXSXhOV1F0WldKbE5XRTRNVEF5Tm1NMgpNQ0FYRFRJMU1EY3lOVEV6TURBME9Wb1lEekl3TlRVd056RTRNVFF3TURRNVdqQXZNUzB3S3dZRFZRUURFeVF5Ck9UYzNOVFU1Tnkwd056YzFMVFE0TmpNdFlqRTFaQzFsWW1VMVlUZ3hNREkyWXpZd2dnR2lNQTBHQ1NxR1NJYjMKRFFFQkFRVUFBNElCandBd2dnR0tBb0lCZ1FEU3o4TGxaUERvdWRFMlRTMEtzZFdHQmhvUE9GbHBsVWVMNmJHMgozV3FUNVhyQ3lmVFpDT3QyazZxZmxTdm1BNzJldjBjai9SdnBUTE5KYlZkbERqMDh1ZksyVytsYnZvd3psT0VKCmQ1Zzl4SFp2TjRkWk91K0FlKzRyQXVIek9DeEdPVTlXNExJWTdTOVdUK3hoUzk3bEN3VW1kck8weWZsalVCdzUKUU9uK3lrcDNRYmV6em9lQ0VKUGRqdmRVY0RJaHlnbHc5OTNydlk5SzBuQm93UGNxQ1JUa2pRMzNEZ2kwSWtSVgpGbG5QNzR4bi9FaW5WWmZ6VStLcXYva21nWnppNEQvSmtaSytsRWZjZDdBMW1DZ2JSdkF0WWx2aDMxRmRoWmlRCjA4MVBmYW96bkdkL3JGTHRVc3dsRzEvOGZ4dWtwQkN5bDlTckFnZ1lxVEFDbXZweWhnQ09kRE15RktneDFmRFcKMGhrQzNySXZvUldFbHY5aVFNdUQxMU9RUXM5bkpra0NHeVVzeTZScHllTkhGT2JnN0tKcHBTT0UwVTk0VmhxSQpsV2J3WEtBZVZ2TGUwN1BPcjdnY2xKOThOajIvRlVKVXF1NzV1eXNXUWFNdGxZeEM1TTJ4VjhMenhUM2pFZ3NUCmU4Y21ld0tXSUt6WWFZUXNHdEU1eVNjVXNnOENBd0VBQWFOQ01FQXdEZ1lEVlIwUEFRSC9CQVFEQWdJRU1BOEcKQTFVZEV3RUIvd1FGTUFNQkFmOHdIUVlEVlIwT0JCWUVGUDZyTWFHQjR6ZVNhM0hqT0hRY3JBTDY1YTJYTUEwRwpDU3FHU0liM0RRRUJDd1VBQTRJQmdRRE9tUVQvSkEwa1ZBODNmd2hzRWFnN1IyNU14bTk2WnNlbFgzVXpodXdlCmNNZWJ2L2ZQTGtCZkVZUjZxNGFhTmVLSVBYa3NzV3VEMTJnckt3dDBDZ1BLekN5TGJMa3RNQlhGa2tBVVdNTDgKUFFqS1FKLzBhZ0RjWEhTbGQzYTZFOXJQTnFEVEpXWmxxVUZvczNPSmQ0a2ZLcHVzQkpqRzRKZ0ppZEYvZUwzLwo1UUxhMjFzcGFsUnRhQmlVTFhoRGJkbjZ3cy9yTGJPTVovcUFQdGF0aHhuK01ab2NHNVFsMW1EUzU4RmtkdTZGCmJLaE9vdEtXRE9zb0ZiVlBrMlpubVpCMlpqc05IKys2ZmY5Z1IzRXp4aEt6ZCtzRUlqWjluODFIZTRnZVBDZzgKOEtCakdxV29qNGtiU2ZZVVV1WVBQN2VCZ3E1OHlOVWcrby81eGwxYVRtdTcxWmxCVGJrWmcxajE4R3VKSDR0ZwpLVExWUS9sTXg4QlBIaE93V3Vxa24vR0c1dXBoclg0VVNUK1Q4VGRWSHNyOWM5djY2MVdNbXp4ODd1Z2JvbzVuClNoMEJKa1V4OE5oVHltZU8xMmZGL2VBMy8zMnZ1VnNLU3ZTU3B5Wkl0TGJBbGQxS2U4M0MxOGx1anhUNkF6aGkKWjFmaDJCN1l1Z015QXlRaEZBUFhxNDQ9Ci0tLS0tRU5EIENFUlRJRklDQVRFLS0tLS0K"
cluster_endpoint = "34.55.103.77"
cluster_name = "dev-gke-autopilot"
